
Microsoft Visual Studio Solution File, Format Version 12.00
# Visual Studio Version 16
VisualStudioVersion = 16.0.29102.190
MinimumVisualStudioVersion = 10.0.40219.1
Project("{FAE04EC0-301F-11D3-BF4B-00C04F79EFBC}") = "ComicBookGalleryModel", "ComicBookGalleryModel.csproj", "{F19D11AB-2676-46ED-A600-F3C0BCD12B53}"
EndProject
Global
	GlobalSection(SolutionConfigurationPlatforms) = preSolution
		Debug|Any CPU = Debug|Any CPU
		Release|Any CPU = Release|Any CPU
	EndGlobalSection
	GlobalSection(ProjectConfigurationPlatforms) = postSolution
		{F19D11AB-2676-46ED-A600-F3C0BCD12B53}.Debug|Any CPU.ActiveCfg = Debug|Any CPU
		{F19D11AB-2676-46ED-A600-F3C0BCD12B53}.Debug|Any CPU.Build.0 = Debug|Any CPU
		{F19D11AB-2676-46ED-A600-F3C0BCD12B53}.Release|Any CPU.ActiveCfg = Release|Any CPU
		{F19D11AB-2676-46ED-A600-F3C0BCD12B53}.Release|Any CPU.Build.0 = Release|Any CPU
	EndGlobalSection
	GlobalSection(SolutionProperties) = preSolution
		HideSolutionNode = FALSE
	EndGlobalSection
	GlobalSection(ExtensibilityGlobals) = postSolution
		SolutionGuid = {77BEECFE-115B-442A-B166-79F462C63E63}
	EndGlobalSection
EndGlobal
